
Microsoft Visual Studio Solution File, Format Version 12.00
# Visual Studio Version 17
VisualStudioVersion = 17.9.34701.34
MinimumVisualStudioVersion = 10.0.40219.1
Project("{9A19103F-16F7-4668-BE54-9A1E7A4F7556}") = "AW_UserReportSystem", "AW_UserReportSystem\AW_UserReportSystem.csproj", "{E755EBAA-3007-46B6-9BD9-5B1DC9059B94}"
EndProject
Project("{9A19103F-16F7-4668-BE54-9A1E7A4F7556}") = "Domain", "Domain\Domain.csproj", "{BEDC7895-039B-46FB-AEB8-9A3CA572708A}"
EndProject
Project("{9A19103F-16F7-4668-BE54-9A1E7A4F7556}") = "Pages", "Pages\Pages.csproj", "{9C5A93C0-AAA8-49EF-BE62-4A719B2C35DF}"
EndProject
Project("{FAE04EC0-301F-11D3-BF4B-00C04F79EFBC}") = "Helpers", "Helpers\Helpers.csproj", "{ACB5A09A-82AC-4A87-A969-F95C33229AAE}"
EndProject
Project("{FAE04EC0-301F-11D3-BF4B-00C04F79EFBC}") = "Test.Helpers", "Test.Helpers\Test.Helpers.csproj", "{7970F4EB-B845-4B53-AEE8-63420CAADC87}"
EndProject
Project("{FAE04EC0-301F-11D3-BF4B-00C04F79EFBC}") = "Test.Domain", "Test.Domain\Test.Domain.csproj", "{07E71D6A-07AD-484C-9890-7A41F21F9739}"
EndProject
Global
	GlobalSection(SolutionConfigurationPlatforms) = preSolution
		Debug|Any CPU = Debug|Any CPU
		Release|Any CPU = Release|Any CPU
	EndGlobalSection
	GlobalSection(ProjectConfigurationPlatforms) = postSolution
		{E755EBAA-3007-46B6-9BD9-5B1DC9059B94}.Debug|Any CPU.ActiveCfg = Debug|Any CPU
		{E755EBAA-3007-46B6-9BD9-5B1DC9059B94}.Debug|Any CPU.Build.0 = Debug|Any CPU
		{E755EBAA-3007-46B6-9BD9-5B1DC9059B94}.Release|Any CPU.ActiveCfg = Release|Any CPU
		{E755EBAA-3007-46B6-9BD9-5B1DC9059B94}.Release|Any CPU.Build.0 = Release|Any CPU
		{BEDC7895-039B-46FB-AEB8-9A3CA572708A}.Debug|Any CPU.ActiveCfg = Debug|Any CPU
		{BEDC7895-039B-46FB-AEB8-9A3CA572708A}.Debug|Any CPU.Build.0 = Debug|Any CPU
		{BEDC7895-039B-46FB-AEB8-9A3CA572708A}.Release|Any CPU.ActiveCfg = Release|Any CPU
		{BEDC7895-039B-46FB-AEB8-9A3CA572708A}.Release|Any CPU.Build.0 = Release|Any CPU
		{9C5A93C0-AAA8-49EF-BE62-4A719B2C35DF}.Debug|Any CPU.ActiveCfg = Debug|Any CPU
		{9C5A93C0-AAA8-49EF-BE62-4A719B2C35DF}.Debug|Any CPU.Build.0 = Debug|Any CPU
		{9C5A93C0-AAA8-49EF-BE62-4A719B2C35DF}.Release|Any CPU.ActiveCfg = Release|Any CPU
		{9C5A93C0-AAA8-49EF-BE62-4A719B2C35DF}.Release|Any CPU.Build.0 = Release|Any CPU
		{ACB5A09A-82AC-4A87-A969-F95C33229AAE}.Debug|Any CPU.ActiveCfg = Debug|Any CPU
		{ACB5A09A-82AC-4A87-A969-F95C33229AAE}.Debug|Any CPU.Build.0 = Debug|Any CPU
		{ACB5A09A-82AC-4A87-A969-F95C33229AAE}.Release|Any CPU.ActiveCfg = Release|Any CPU
		{ACB5A09A-82AC-4A87-A969-F95C33229AAE}.Release|Any CPU.Build.0 = Release|Any CPU
		{7970F4EB-B845-4B53-AEE8-63420CAADC87}.Debug|Any CPU.ActiveCfg = Debug|Any CPU
		{7970F4EB-B845-4B53-AEE8-63420CAADC87}.Debug|Any CPU.Build.0 = Debug|Any CPU
		{7970F4EB-B845-4B53-AEE8-63420CAADC87}.Release|Any CPU.ActiveCfg = Release|Any CPU
		{7970F4EB-B845-4B53-AEE8-63420CAADC87}.Release|Any CPU.Build.0 = Release|Any CPU
		{07E71D6A-07AD-484C-9890-7A41F21F9739}.Debug|Any CPU.ActiveCfg = Debug|Any CPU
		{07E71D6A-07AD-484C-9890-7A41F21F9739}.Debug|Any CPU.Build.0 = Debug|Any CPU
		{07E71D6A-07AD-484C-9890-7A41F21F9739}.Release|Any CPU.ActiveCfg = Release|Any CPU
		{07E71D6A-07AD-484C-9890-7A41F21F9739}.Release|Any CPU.Build.0 = Release|Any CPU
	EndGlobalSection
	GlobalSection(SolutionProperties) = preSolution
		HideSolutionNode = FALSE
	EndGlobalSection
	GlobalSection(ExtensibilityGlobals) = postSolution
		SolutionGuid = {842ED80C-2C4E-48E3-B9C3-1D33B8684B55}
	EndGlobalSection
EndGlobal
